// !$*UTF8*$!
{
	archiveVersion = 1;
	classes = {
	};
	objectVersion = 46;
	objects = {

/* Begin PBXBuildFile section */
		9B63BDAD1F1E88B400577ECF /* AppDelegate.swift in Sources */ = {isa = PBXBuildFile; fileRef = 9B63BDAC1F1E88B400577ECF /* AppDelegate.swift */; };
		9B63BDAF1F1E88B400577ECF /* ViewController.swift in Sources */ = {isa = PBXBuildFile; fileRef = 9B63BDAE1F1E88B400577ECF /* ViewController.swift */; };
		9B63BDB21F1E88B400577ECF /* Main.storyboard in Resources */ = {isa = PBXBuildFile; fileRef = 9B63BDB01F1E88B400577ECF /* Main.storyboard */; };
		9B63BDB41F1E88B400577ECF /* Assets.xcassets in Resources */ = {isa = PBXBuildFile; fileRef = 9B63BDB31F1E88B400577ECF /* Assets.xcassets */; };
		9B63BDB71F1E88B400577ECF /* LaunchScreen.storyboard in Resources */ = {isa = PBXBuildFile; fileRef = 9B63BDB51F1E88B400577ECF /* LaunchScreen.storyboard */; };
/* End PBXBuildFile section */

/* Begin PBXFileReference section */
		9B63BDA91F1E88B400577ECF /* Vehicule.app */ = {isa = PBXFileReference; explicitFileType = wrapper.application; includeInIndex = 0; path = Vehicule.app; sourceTree = BUILT_PRODUCTS_DIR; };
		9B63BDAC1F1E88B400577ECF /* AppDelegate.swift */ = {isa = PBXFileReference; lastKnownFileType = sourcecode.swift; path = AppDelegate.swift; sourceTree = "<group>"; };
		9B63BDAE1F1E88B400577ECF /* ViewController.swift */ = {isa = PBXFileReference; lastKnownFileType = sourcecode.swift; path = ViewController.swift; sourceTree = "<group>"; };
		9B63BDB11F1E88B400577ECF /* Base */ = {isa = PBXFileReference; lastKnownFileType = file.storyboard; name = Base; path = Base.lproj/Main.storyboard; sourceTree = "<group>"; };
		9B63BDB31F1E88B400577ECF /* Assets.xcassets */ = {isa = PBXFileReference; lastKnownFileType = folder.assetcatalog; path = Assets.xcassets; sourceTree = "<group>"; };
		9B63BDB61F1E88B400577ECF /* Base */ = {isa = PBXFileReference; lastKnownFileType = file.storyboard; name = Base; path = Base.lproj/LaunchScreen.storyboard; sourceTree = "<group>"; };
		9B63BDB81F1E88B400577ECF /* Info.plist */ = {isa = PBXFileReference; lastKnownFileType = text.plist.xml; path = Info.plist; sourceTree = "<group>"; };
/* End PBXFileReference section */

/* Begin PBXFrameworksBuildPhase section */
		9B63BDA61F1E88B300577ECF /* Frameworks */ = {
			isa = PBXFrameworksBuildPhase;
			buildActionMask = 2147483647;
			files = (
			);
			runOnlyForDeploymentPostprocessing = 0;
		};
/* End PBXFrameworksBuildPhase section */

/* Begin PBXGroup section */
		9B63BDA01F1E88B300577ECF = {
			isa = PBXGroup;
			children = (
				9B63BDAB1F1E88B400577ECF /* Vehicule */,
				9B63BDAA1F1E88B400577ECF /* Products */,
			);
			sourceTree = "<group>";
		};
		9B63BDAA1F1E88B400577ECF /* Products */ = {
			isa = PBXGroup;
			children = (
				9B63BDA91F1E88B400577ECF /* Vehicule.app */,
			);
			name = Products;
			sourceTree = "<group>";
		};
		9B63BDAB1F1E88B400577ECF /* Vehicule */ = {
			isa = PBXGroup;
			children = (
				9B63BDAC1F1E88B400577ECF /* AppDelegate.swift */,
				9B63BDAE1F1E88B400577ECF /* ViewController.swift */,
				9B63BDB01F1E88B400577ECF /* Main.storyboard */,
				9B63BDB31F1E88B400577ECF /* Assets.xcassets */,
				9B63BDB51F1E88B400577ECF /* LaunchScreen.storyboard */,
				9B63BDB81F1E88B400577ECF /* Info.plist */,
			);
			path = Vehicule;
			sourceTree = "<group>";
		};
/* End PBXGroup section */

/* Begin PBXNativeTarget section */
		9B63BDA81F1E88B300577ECF /* Vehicule */ = {
			isa = PBXNativeTarget;
			buildConfigurationList = 9B63BDBB1F1E88B400577ECF /* Build configuration list for PBXNativeTarget "Vehicule" */;
			buildPhases = (
				9B63BDA51F1E88B300577ECF /* Sources */,
				9B63BDA61F1E88B300577ECF /* Frameworks */,
				9B63BDA71F1E88B300577ECF /* Resources */,
			);
			buildRules = (
			);
			dependencies = (
			);
			name = Vehicule;
			productName = Vehicule;
			productReference = 9B63BDA91F1E88B400577ECF /* Vehicule.app */;
			productType = "com.apple.product-type.application";
		};
/* End PBXNativeTarget section */

/* Begin PBXProject section */
		9B63BDA11F1E88B300577ECF /* Project object */ = {
			isa = PBXProject;
			attributes = {
				LastSwiftUpdateCheck = 0820;
				LastUpgradeCheck = 0820;
				ORGANIZATIONNAME = eleves;
				TargetAttributes = {
					9B63BDA81F1E88B300577ECF = {
						CreatedOnToolsVersion = 8.2;
						ProvisioningStyle = Automatic;
					};
				};
			};
			buildConfigurationList = 9B63BDA41F1E88B300577ECF /* Build configuration list for PBXProject "Vehicule" */;
			compatibilityVersion = "Xcode 3.2";
			developmentRegion = English;
			hasScannedForEncodings = 0;
			knownRegions = (
				en,
				Base,
			);
			mainGroup = 9B63BDA01F1E88B300577ECF;
			productRefGroup = 9B63BDAA1F1E88B400577ECF /* Products */;
			projectDirPath = "";
			projectRoot = "";
			targets = (
				9B63BDA81F1E88B300577ECF /* Vehicule */,
			);
		};
/* End PBXProject section */

/* Begin PBXResourcesBuildPhase section */
		9B63BDA71F1E88B300577ECF /* Resources */ = {
			isa = PBXResourcesBuildPhase;
			buildActionMask = 2147483647;
			files = (
				9B63BDB71F1E88B400577ECF /* LaunchScreen.storyboard in Resources */,
				9B63BDB41F1E88B400577ECF /* Assets.xcassets in Resources */,
				9B63BDB21F1E88B400577ECF /* Main.storyboard in Resources */,
			);
			runOnlyForDeploymentPostprocessing = 0;
		};
/* End PBXResourcesBuildPhase section */

/* Begin PBXSourcesBuildPhase section */
		9B63BDA51F1E88B300577ECF /* Sources */ = {
			isa = PBXSourcesBuildPhase;
			buildActionMask = 2147483647;
			files = (
				9B63BDAF1F1E88B400577ECF /* ViewController.swift in Sources */,
				9B63BDAD1F1E88B400577ECF /* AppDelegate.swift in Sources */,
			);
			runOnlyForDeploymentPostprocessing = 0;
		};
/* End PBXSourcesBuildPhase section */

/* Begin PBXVariantGroup section */
		9B63BDB01F1E88B400577ECF /* Main.storyboard */ = {
			isa = PBXVariantGroup;
			children = (
				9B63BDB11F1E88B400577ECF /* Base */,
			);
			name = Main.storyboard;
			sourceTree = "<group>";
		};
		9B63BDB51F1E88B400577ECF /* LaunchScreen.storyboard */ = {
			isa = PBXVariantGroup;
			children = (
				9B63BDB61F1E88B400577ECF /* Base */,
			);
			name = LaunchScreen.storyboard;
			sourceTree = "<group>";
		};
/* End PBXVariantGroup section */

/* Begin XCBuildConfiguration section */
		9B63BDB91F1E88B400577ECF /* Debug */ = {
			isa = XCBuildConfiguration;
			buildSettings = {
				ALWAYS_SEARCH_USER_PATHS = NO;
				CLANG_ANALYZER_NONNULL = YES;
				CLANG_CXX_LANGUAGE_STANDARD = "gnu++0x";
				CLANG_CXX_LIBRARY = "libc++";
				CLANG_ENABLE_MODULES = YES;
				CLANG_ENABLE_OBJC_ARC = YES;
				CLANG_WARN_BOOL_CONVERSION = YES;
				CLANG_WARN_CONSTANT_CONVERSION = YES;
				CLANG_WARN_DIRECT_OBJC_ISA_USAGE = YES_ERROR;
				CLANG_WARN_DOCUMENTATION_COMMENTS = YES;
				CLANG_WARN_EMPTY_BODY = YES;
				CLANG_WARN_ENUM_CONVERSION = YES;
				CLANG_WARN_INFINITE_RECURSION = YES;
				CLANG_WARN_INT_CONVERSION = YES;
				CLANG_WARN_OBJC_ROOT_CLASS = YES_ERROR;
				CLANG_WARN_SUSPICIOUS_MOVE = YES;
				CLANG_WARN_UNREACHABLE_CODE = YES;
				CLANG_WARN__DUPLICATE_METHOD_MATCH = YES;
				"CODE_SIGN_IDENTITY[sdk=iphoneos*]" = "iPhone Developer";
				COPY_PHASE_STRIP = NO;
				DEBUG_INFORMATION_FORMAT = dwarf;
				ENABLE_STRICT_OBJC_MSGSEND = YES;
				ENABLE_TESTABILITY = YES;
				GCC_C_LANGUAGE_STANDARD = gnu99;
				GCC_DYNAMIC_NO_PIC = NO;
				GCC_NO_COMMON_BLOCKS = YES;
				GCC_OPTIMIZATION_LEVEL = 0;
				GCC_PREPROCESSOR_DEFINITIONS = (
					"DEBUG=1",
					"$(inherited)",
				);
				GCC_WARN_64_TO_32_BIT_CONVERSION = YES;
				GCC_WARN_ABOUT_RETURN_TYPE = YES_ERROR;
				GCC_WARN_UNDECLARED_SELECTOR = YES;
				GCC_WARN_UNINITIALIZED_AUTOS = YES_AGGRESSIVE;
				GCC_WARN_UNUSED_FUNCTION = YES;
				GCC_WARN_UNUSED_VARIABLE = YES;
				IPHONEOS_DEPLOYMENT_TARGET = 10.2;
				MTL_ENABLE_DEBUG_INFO = YES;
				ONLY_ACTIVE_ARCH = YES;
				SDKROOT = iphoneos;
				SWIFT_ACTIVE_COMPILATION_CONDITIONS = DEBUG;
				SWIFT_OPTIMIZATION_LEVEL = "-Onone";
				TARGETED_DEVICE_FAMILY = "1,2";
			};
			name = Debug;
		};
		9B63BDBA1F1E88B400577ECF /* Release */ = {
			isa = XCBuildConfiguration;
			buildSettings = {
				ALWAYS_SEARCH_USER_PATHS = NO;
				CLANG_ANALYZER_NONNULL = YES;
				CLANG_CXX_LANGUAGE_STANDARD = "gnu++0x";
				CLANG_CXX_LIBRARY = "libc++";
				CLANG_ENABLE_MODULES = YES;
				CLANG_ENABLE_OBJC_ARC = YES;
				CLANG_WARN_BOOL_CONVERSION = YES;
				CLANG_WARN_CONSTANT_CONVERSION = YES;
				CLANG_WARN_DIRECT_OBJC_ISA_USAGE = YES_ERROR;
				CLANG_WARN_DOCUMENTATION_COMMENTS = YES;
				CLANG_WARN_EMPTY_BODY = YES;
				CLANG_WARN_ENUM_CONVERSION = YES;
				CLANG_WARN_INFINITE_RECURSION = YES;
				CLANG_WARN_INT_CONVERSION = YES;
				CLANG_WARN_OBJC_ROOT_CLASS = YES_ERROR;
				CLANG_WARN_SUSPICIOUS_MOVE = YES;
				CLANG_WARN_UNREACHABLE_CODE = YES;
				CLANG_WARN__DUPLICATE_METHOD_MATCH = YES;
				"CODE_SIGN_IDENTITY[sdk=iphoneos*]" = "iPhone Developer";
				COPY_PHASE_STRIP = NO;
				DEBUG_INFORMATION_FORMAT = "dwarf-with-dsym";
				ENABLE_NS_ASSERTIONS = NO;
				ENABLE_STRICT_OBJC_MSGSEND = YES;
				GCC_C_LANGUAGE_STANDARD = gnu99;
				GCC_NO_COMMON_BLOCKS = YES;
				GCC_WARN_64_TO_32_BIT_CONVERSION = YES;
				GCC_WARN_ABOUT_RETURN_TYPE = YES_ERROR;
				GCC_WARN_UNDECLARED_SELECTOR = YES;
				GCC_WARN_UNINITIALIZED_AUTOS = YES_AGGRESSIVE;
				GCC_WARN_UNUSED_FUNCTION = YES;
				GCC_WARN_UNUSED_VARIABLE = YES;
				IPHONEOS_DEPLOYMENT_TARGET = 10.2;
				MTL_ENABLE_DEBUG_INFO = NO;
				SDKROOT = iphoneos;
				SWIFT_OPTIMIZATION_LEVEL = "-Owholemodule";
				TARGETED_DEVICE_FAMILY = "1,2";
				VALIDATE_PRODUCT = YES;
			};
			name = Release;
		};
		9B63BDBC1F1E88B400577ECF /* Debug */ = {
			isa = XCBuildConfiguration;
			buildSettings = {
				ASSETCATALOG_COMPILER_APPICON_NAME = AppIcon;
				INFOPLIST_FILE = Vehicule/Info.plist;
				LD_RUNPATH_SEARCH_PATHS = "$(inherited) @executable_path/Frameworks";
				PRODUCT_BUNDLE_IDENTIFIER = com.mariogeneau.Vehicule;
				PRODUCT_NAME = "$(TARGET_NAME)";
				SWIFT_VERSION = 3.0;
			};
			name = Debug;
		};
		9B63BDBD1F1E88B400577ECF /* Release */ = {
			isa = XCBuildConfiguration;
			buildSettings = {
				ASSETCATALOG_COMPILER_APPICON_NAME = AppIcon;
				INFOPLIST_FILE = Vehicule/Info.plist;
				LD_RUNPATH_SEARCH_PATHS = "$(inherited) @executable_path/Frameworks";
				PRODUCT_BUNDLE_IDENTIFIER = com.mariogeneau.Vehicule;
				PRODUCT_NAME = "$(TARGET_NAME)";
				SWIFT_VERSION = 3.0;
			};
			name = Release;
		};
/* End XCBuildConfiguration section */

/* Begin XCConfigurationList section */
		9B63BDA41F1E88B300577ECF /* Build configuration list for PBXProject "Vehicule" */ = {
			isa = XCConfigurationList;
			buildConfigurations = (
				9B63BDB91F1E88B400577ECF /* Debug */,
				9B63BDBA1F1E88B400577ECF /* Release */,
			);
			defaultConfigurationIsVisible = 0;
			defaultConfigurationName = Release;
		};
		9B63BDBB1F1E88B400577ECF /* Build configuration list for PBXNativeTarget "Vehicule" */ = {
			isa = XCConfigurationList;
			buildConfigurations = (
				9B63BDBC1F1E88B400577ECF /* Debug */,
				9B63BDBD1F1E88B400577ECF /* Release */,
			);
			defaultConfigurationIsVisible = 0;
		};
/* End XCConfigurationList section */
	};
	rootObject = 9B63BDA11F1E88B300577ECF /* Project object */;
}
